
Microsoft Visual Studio Solution File, Format Version 12.00
# Visual Studio Version 16
VisualStudioVersion = 16.0.31321.278
MinimumVisualStudioVersion = 10.0.40219.1
Project("{9A19103F-16F7-4668-BE54-9A1E7A4F7556}") = "Domain", "Domain\Domain.csproj", "{65261868-993E-4ADC-AC3C-AD64C3705024}"
EndProject
Project("{9A19103F-16F7-4668-BE54-9A1E7A4F7556}") = "DomainTest", "..\DomainTest\DomainTest\DomainTest.csproj", "{AF82A90D-413D-4DDC-88B1-9C538ED5E598}"
EndProject
Project("{9A19103F-16F7-4668-BE54-9A1E7A4F7556}") = "Persistence", "..\Persistence\Persistence.csproj", "{2933E653-7A2A-4E87-AF3A-C46D8A1484BD}"
EndProject
Project("{2150E333-8FDC-42A3-9474-1A3956D46DE8}") = "Solution Items", "Solution Items", "{574DEE9C-7B3B-4DF1-9C84-1D9260E3EE39}"
EndProject
Global
	GlobalSection(SolutionConfigurationPlatforms) = preSolution
		Debug|Any CPU = Debug|Any CPU
		Release|Any CPU = Release|Any CPU
	EndGlobalSection
	GlobalSection(ProjectConfigurationPlatforms) = postSolution
		{65261868-993E-4ADC-AC3C-AD64C3705024}.Debug|Any CPU.ActiveCfg = Debug|Any CPU
		{65261868-993E-4ADC-AC3C-AD64C3705024}.Debug|Any CPU.Build.0 = Debug|Any CPU
		{65261868-993E-4ADC-AC3C-AD64C3705024}.Release|Any CPU.ActiveCfg = Release|Any CPU
		{65261868-993E-4ADC-AC3C-AD64C3705024}.Release|Any CPU.Build.0 = Release|Any CPU
		{AF82A90D-413D-4DDC-88B1-9C538ED5E598}.Debug|Any CPU.ActiveCfg = Debug|Any CPU
		{AF82A90D-413D-4DDC-88B1-9C538ED5E598}.Debug|Any CPU.Build.0 = Debug|Any CPU
		{AF82A90D-413D-4DDC-88B1-9C538ED5E598}.Release|Any CPU.ActiveCfg = Release|Any CPU
		{AF82A90D-413D-4DDC-88B1-9C538ED5E598}.Release|Any CPU.Build.0 = Release|Any CPU
		{2933E653-7A2A-4E87-AF3A-C46D8A1484BD}.Debug|Any CPU.ActiveCfg = Debug|Any CPU
		{2933E653-7A2A-4E87-AF3A-C46D8A1484BD}.Debug|Any CPU.Build.0 = Debug|Any CPU
		{2933E653-7A2A-4E87-AF3A-C46D8A1484BD}.Release|Any CPU.ActiveCfg = Release|Any CPU
		{2933E653-7A2A-4E87-AF3A-C46D8A1484BD}.Release|Any CPU.Build.0 = Release|Any CPU
	EndGlobalSection
	GlobalSection(SolutionProperties) = preSolution
		HideSolutionNode = FALSE
	EndGlobalSection
	GlobalSection(ExtensibilityGlobals) = postSolution
		SolutionGuid = {1D0FAFAA-44BD-49C5-ACA7-D4EB523B9E6D}
	EndGlobalSection
EndGlobal
